
Microsoft Visual Studio Solution File, Format Version 12.00
# Visual Studio Version 17
VisualStudioVersion = 17.1.32421.90
MinimumVisualStudioVersion = 10.0.40219.1
Project("{9A19103F-16F7-4668-BE54-9A1E7A4F7556}") = "FlockIt", "FlockIt.csproj", "{5F2235BD-3CFB-4D81-B369-74890EEDAE0E}"
EndProject
Project("{FAE04EC0-301F-11D3-BF4B-00C04F79EFBC}") = "ApiTestProject", "..\ApiTestProject\ApiTestProject.csproj", "{15F14974-917D-40B7-816F-EC61626D80CA}"
EndProject
Global
	GlobalSection(SolutionConfigurationPlatforms) = preSolution
		Debug|Any CPU = Debug|Any CPU
		Release|Any CPU = Release|Any CPU
	EndGlobalSection
	GlobalSection(ProjectConfigurationPlatforms) = postSolution
		{5F2235BD-3CFB-4D81-B369-74890EEDAE0E}.Debug|Any CPU.ActiveCfg = Debug|Any CPU
		{5F2235BD-3CFB-4D81-B369-74890EEDAE0E}.Debug|Any CPU.Build.0 = Debug|Any CPU
		{5F2235BD-3CFB-4D81-B369-74890EEDAE0E}.Release|Any CPU.ActiveCfg = Release|Any CPU
		{5F2235BD-3CFB-4D81-B369-74890EEDAE0E}.Release|Any CPU.Build.0 = Release|Any CPU
		{15F14974-917D-40B7-816F-EC61626D80CA}.Debug|Any CPU.ActiveCfg = Debug|Any CPU
		{15F14974-917D-40B7-816F-EC61626D80CA}.Debug|Any CPU.Build.0 = Debug|Any CPU
		{15F14974-917D-40B7-816F-EC61626D80CA}.Release|Any CPU.ActiveCfg = Release|Any CPU
		{15F14974-917D-40B7-816F-EC61626D80CA}.Release|Any CPU.Build.0 = Release|Any CPU
	EndGlobalSection
	GlobalSection(SolutionProperties) = preSolution
		HideSolutionNode = FALSE
	EndGlobalSection
	GlobalSection(ExtensibilityGlobals) = postSolution
		SolutionGuid = {53BDE0C7-4F21-4E79-878D-EE1D133BD4C5}
	EndGlobalSection
EndGlobal
